
Microsoft Visual Studio Solution File, Format Version 12.00
# Visual Studio Version 16
VisualStudioVersion = 16.0.29215.179
MinimumVisualStudioVersion = 10.0.40219.1
Project("{8BC9CEB8-8B4A-11D0-8D11-00A0C91BC942}") = "SIAOD_KURSWORK", "SIAOD_KURSWORK\SIAOD_KURSWORK.vcxproj", "{3CC332AE-C61D-4203-9A53-F9F5FDCB9899}"
EndProject
Global
	GlobalSection(SolutionConfigurationPlatforms) = preSolution
		Debug|x64 = Debug|x64
		Debug|x86 = Debug|x86
		Release|x64 = Release|x64
		Release|x86 = Release|x86
	EndGlobalSection
	GlobalSection(ProjectConfigurationPlatforms) = postSolution
		{3CC332AE-C61D-4203-9A53-F9F5FDCB9899}.Debug|x64.ActiveCfg = Debug|x64
		{3CC332AE-C61D-4203-9A53-F9F5FDCB9899}.Debug|x64.Build.0 = Debug|x64
		{3CC332AE-C61D-4203-9A53-F9F5FDCB9899}.Debug|x86.ActiveCfg = Debug|Win32
		{3CC332AE-C61D-4203-9A53-F9F5FDCB9899}.Debug|x86.Build.0 = Debug|Win32
		{3CC332AE-C61D-4203-9A53-F9F5FDCB9899}.Release|x64.ActiveCfg = Release|x64
		{3CC332AE-C61D-4203-9A53-F9F5FDCB9899}.Release|x64.Build.0 = Release|x64
		{3CC332AE-C61D-4203-9A53-F9F5FDCB9899}.Release|x86.ActiveCfg = Release|Win32
		{3CC332AE-C61D-4203-9A53-F9F5FDCB9899}.Release|x86.Build.0 = Release|Win32
	EndGlobalSection
	GlobalSection(SolutionProperties) = preSolution
		HideSolutionNode = FALSE
	EndGlobalSection
	GlobalSection(ExtensibilityGlobals) = postSolution
		SolutionGuid = {20835D70-78B5-4BB2-AE40-06BF8DF43F15}
	EndGlobalSection
EndGlobal
